{
    "_readme": [
        "This file locks the dependencies of your project to a known state",
        "Read more about it at https://getcomposer.org/doc/01-basic-usage.md#installing-dependencies",
        "This file is @generated automatically"
    ],
    "content-hash": "a1b62752096fe7279d9bdb9f923be973",
    "packages": [
        {
            "name": "aliyuncs/oss-sdk-php",
            "version": "v2.5.0",
            "source": {
                "type": "git",
                "url": "https://github.com/aliyun/aliyun-oss-php-sdk.git",
                "reference": "f0413667d765855eb0aaa728b596801464ffdb06"
            },
            "dist": {
                "type": "zip",
                "url": "https://repo.huaweicloud.com/repository/php/aliyuncs/oss-sdk-php/v2.5.0/aliyuncs-oss-sdk-php-v2.5.0.zip",
                "reference": "f0413667d765855eb0aaa728b596801464ffdb06",
                "shasum": ""
            },
            "require": {
                "php": ">=5.3"
            },
            "require-dev": {
                "phpunit/phpunit": "*",
                "satooshi/php-coveralls": "*"
            },
            "type": "library",
            "autoload": {
                "psr-4": {
                    "OSS\\": "src/OSS"
                }
            },
            "license": [
                "MIT"
            ],
            "authors": [
                {
                    "name": "Aliyuncs",
                    "homepage": "http://www.aliyun.com"
                }
            ],
            "description": "Aliyun OSS SDK for PHP",
            "homepage": "http://www.aliyun.com/product/oss/",
            "time": "2022-05-13T07:41:28+00:00"
        }
    ],
    "packages-dev": [],
    "aliases": [],
    "minimum-stability": "dev",
    "stability-flags": [],
    "prefer-stable": false,
    "prefer-lowest": false,
    "platform": {
        "php": ">=7.2"
    },
    "platform-dev": {
        "ext-redis": "*",
        "ext-json": "*"
    }
}
